
Microsoft Visual Studio Solution File, Format Version 12.00
# Visual Studio Version 16
VisualStudioVersion = 16.0.31410.357
MinimumVisualStudioVersion = 10.0.40219.1
Project("{FAE04EC0-301F-11D3-BF4B-00C04F79EFBC}") = "MonthlyBudget.UWP", "MonthlyBudget.UWP\MonthlyBudget.UWP.csproj", "{4156B6F7-0D45-46EE-998E-61E14D2EEB97}"
EndProject
Project("{FAE04EC0-301F-11D3-BF4B-00C04F79EFBC}") = "MonthlyBudget.Android", "MonthlyBudget.Android\MonthlyBudget.Android.csproj", "{5E4C830E-3527-4F9A-B3F3-268B59A095FB}"
EndProject
Project("{FAE04EC0-301F-11D3-BF4B-00C04F79EFBC}") = "MonthlyBudget.iOS", "MonthlyBudget.iOS\MonthlyBudget.iOS.csproj", "{DA4E8FB7-1F89-4474-9E9B-B749CA6011A5}"
EndProject
Project("{FAE04EC0-301F-11D3-BF4B-00C04F79EFBC}") = "MonthlyBudget", "MonthlyBudget\MonthlyBudget.csproj", "{076745BD-F6BE-467C-9A5E-F5422CE37E92}"
EndProject
Global
	GlobalSection(SolutionConfigurationPlatforms) = preSolution
		Debug|Any CPU = Debug|Any CPU
		Debug|ARM = Debug|ARM
		Debug|iPhone = Debug|iPhone
		Debug|iPhoneSimulator = Debug|iPhoneSimulator
		Debug|x64 = Debug|x64
		Debug|x86 = Debug|x86
		Release|Any CPU = Release|Any CPU
		Release|ARM = Release|ARM
		Release|iPhone = Release|iPhone
		Release|iPhoneSimulator = Release|iPhoneSimulator
		Release|x64 = Release|x64
		Release|x86 = Release|x86
	EndGlobalSection
	GlobalSection(ProjectConfigurationPlatforms) = postSolution
		{4156B6F7-0D45-46EE-998E-61E14D2EEB97}.Debug|Any CPU.ActiveCfg = Debug|x86
		{4156B6F7-0D45-46EE-998E-61E14D2EEB97}.Debug|Any CPU.Build.0 = Debug|x86
		{4156B6F7-0D45-46EE-998E-61E14D2EEB97}.Debug|Any CPU.Deploy.0 = Debug|x86
		{4156B6F7-0D45-46EE-998E-61E14D2EEB97}.Debug|ARM.ActiveCfg = Debug|ARM
		{4156B6F7-0D45-46EE-998E-61E14D2EEB97}.Debug|ARM.Build.0 = Debug|ARM
		{4156B6F7-0D45-46EE-998E-61E14D2EEB97}.Debug|ARM.Deploy.0 = Debug|ARM
		{4156B6F7-0D45-46EE-998E-61E14D2EEB97}.Debug|iPhone.ActiveCfg = Debug|x86
		{4156B6F7-0D45-46EE-998E-61E14D2EEB97}.Debug|iPhone.Build.0 = Debug|x86
		{4156B6F7-0D45-46EE-998E-61E14D2EEB97}.Debug|iPhone.Deploy.0 = Debug|x86
		{4156B6F7-0D45-46EE-998E-61E14D2EEB97}.Debug|iPhoneSimulator.ActiveCfg = Debug|x86
		{4156B6F7-0D45-46EE-998E-61E14D2EEB97}.Debug|iPhoneSimulator.Build.0 = Debug|x86
		{4156B6F7-0D45-46EE-998E-61E14D2EEB97}.Debug|iPhoneSimulator.Deploy.0 = Debug|x86
		{4156B6F7-0D45-46EE-998E-61E14D2EEB97}.Debug|x64.ActiveCfg = Debug|x64
		{4156B6F7-0D45-46EE-998E-61E14D2EEB97}.Debug|x64.Build.0 = Debug|x64
		{4156B6F7-0D45-46EE-998E-61E14D2EEB97}.Debug|x64.Deploy.0 = Debug|x64
		{4156B6F7-0D45-46EE-998E-61E14D2EEB97}.Debug|x86.ActiveCfg = Debug|x86
		{4156B6F7-0D45-46EE-998E-61E14D2EEB97}.Debug|x86.Build.0 = Debug|x86
		{4156B6F7-0D45-46EE-998E-61E14D2EEB97}.Debug|x86.Deploy.0 = Debug|x86
		{4156B6F7-0D45-46EE-998E-61E14D2EEB97}.Release|Any CPU.ActiveCfg = Release|x86
		{4156B6F7-0D45-46EE-998E-61E14D2EEB97}.Release|Any CPU.Build.0 = Release|x86
		{4156B6F7-0D45-46EE-998E-61E14D2EEB97}.Release|Any CPU.Deploy.0 = Release|x86
		{4156B6F7-0D45-46EE-998E-61E14D2EEB97}.Release|ARM.ActiveCfg = Release|ARM
		{4156B6F7-0D45-46EE-998E-61E14D2EEB97}.Release|ARM.Build.0 = Release|ARM
		{4156B6F7-0D45-46EE-998E-61E14D2EEB97}.Release|ARM.Deploy.0 = Release|ARM
		{4156B6F7-0D45-46EE-998E-61E14D2EEB97}.Release|iPhone.ActiveCfg = Release|x86
		{4156B6F7-0D45-46EE-998E-61E14D2EEB97}.Release|iPhone.Build.0 = Release|x86
		{4156B6F7-0D45-46EE-998E-61E14D2EEB97}.Release|iPhone.Deploy.0 = Release|x86
		{4156B6F7-0D45-46EE-998E-61E14D2EEB97}.Release|iPhoneSimulator.ActiveCfg = Release|x86
		{4156B6F7-0D45-46EE-998E-61E14D2EEB97}.Release|iPhoneSimulator.Build.0 = Release|x86
		{4156B6F7-0D45-46EE-998E-61E14D2EEB97}.Release|iPhoneSimulator.Deploy.0 = Release|x86
		{4156B6F7-0D45-46EE-998E-61E14D2EEB97}.Release|x64.ActiveCfg = Release|x64
		{4156B6F7-0D45-46EE-998E-61E14D2EEB97}.Release|x64.Build.0 = Release|x64
		{4156B6F7-0D45-46EE-998E-61E14D2EEB97}.Release|x64.Deploy.0 = Release|x64
		{4156B6F7-0D45-46EE-998E-61E14D2EEB97}.Release|x86.ActiveCfg = Release|x86
		{4156B6F7-0D45-46EE-998E-61E14D2EEB97}.Release|x86.Build.0 = Release|x86
		{4156B6F7-0D45-46EE-998E-61E14D2EEB97}.Release|x86.Deploy.0 = Release|x86
		{5E4C830E-3527-4F9A-B3F3-268B59A095FB}.Debug|Any CPU.ActiveCfg = Debug|Any CPU
		{5E4C830E-3527-4F9A-B3F3-268B59A095FB}.Debug|Any CPU.Build.0 = Debug|Any CPU
		{5E4C830E-3527-4F9A-B3F3-268B59A095FB}.Debug|Any CPU.Deploy.0 = Debug|Any CPU
		{5E4C830E-3527-4F9A-B3F3-268B59A095FB}.Debug|ARM.ActiveCfg = Debug|Any CPU
		{5E4C830E-3527-4F9A-B3F3-268B59A095FB}.Debug|ARM.Build.0 = Debug|Any CPU
		{5E4C830E-3527-4F9A-B3F3-268B59A095FB}.Debug|ARM.Deploy.0 = Debug|Any CPU
		{5E4C830E-3527-4F9A-B3F3-268B59A095FB}.Debug|iPhone.ActiveCfg = Debug|Any CPU
		{5E4C830E-3527-4F9A-B3F3-268B59A095FB}.Debug|iPhone.Build.0 = Debug|Any CPU
		{5E4C830E-3527-4F9A-B3F3-268B59A095FB}.Debug|iPhone.Deploy.0 = Debug|Any CPU
		{5E4C830E-3527-4F9A-B3F3-268B59A095FB}.Debug|iPhoneSimulator.ActiveCfg = Debug|Any CPU
		{5E4C830E-3527-4F9A-B3F3-268B59A095FB}.Debug|iPhoneSimulator.Build.0 = Debug|Any CPU
		{5E4C830E-3527-4F9A-B3F3-268B59A095FB}.Debug|iPhoneSimulator.Deploy.0 = Debug|Any CPU
		{5E4C830E-3527-4F9A-B3F3-268B59A095FB}.Debug|x64.ActiveCfg = Debug|Any CPU
		{5E4C830E-3527-4F9A-B3F3-268B59A095FB}.Debug|x64.Build.0 = Debug|Any CPU
		{5E4C830E-3527-4F9A-B3F3-268B59A095FB}.Debug|x64.Deploy.0 = Debug|Any CPU
		{5E4C830E-3527-4F9A-B3F3-268B59A095FB}.Debug|x86.ActiveCfg = Debug|Any CPU
		{5E4C830E-3527-4F9A-B3F3-268B59A095FB}.Debug|x86.Build.0 = Debug|Any CPU
		{5E4C830E-3527-4F9A-B3F3-268B59A095FB}.Debug|x86.Deploy.0 = Debug|Any CPU
		{5E4C830E-3527-4F9A-B3F3-268B59A095FB}.Release|Any CPU.ActiveCfg = Release|Any CPU
		{5E4C830E-3527-4F9A-B3F3-268B59A095FB}.Release|Any CPU.Build.0 = Release|Any CPU
		{5E4C830E-3527-4F9A-B3F3-268B59A095FB}.Release|Any CPU.Deploy.0 = Release|Any CPU
		{5E4C830E-3527-4F9A-B3F3-268B59A095FB}.Release|ARM.ActiveCfg = Release|Any CPU
		{5E4C830E-3527-4F9A-B3F3-268B59A095FB}.Release|ARM.Build.0 = Release|Any CPU
		{5E4C830E-3527-4F9A-B3F3-268B59A095FB}.Release|ARM.Deploy.0 = Release|Any CPU
		{5E4C830E-3527-4F9A-B3F3-268B59A095FB}.Release|iPhone.ActiveCfg = Release|Any CPU
		{5E4C830E-3527-4F9A-B3F3-268B59A095FB}.Release|iPhone.Build.0 = Release|Any CPU
		{5E4C830E-3527-4F9A-B3F3-268B59A095FB}.Release|iPhone.Deploy.0 = Release|Any CPU
		{5E4C830E-3527-4F9A-B3F3-268B59A095FB}.Release|iPhoneSimulator.ActiveCfg = Release|Any CPU
		{5E4C830E-3527-4F9A-B3F3-268B59A095FB}.Release|iPhoneSimulator.Build.0 = Release|Any CPU
		{5E4C830E-3527-4F9A-B3F3-268B59A095FB}.Release|iPhoneSimulator.Deploy.0 = Release|Any CPU
		{5E4C830E-3527-4F9A-B3F3-268B59A095FB}.Release|x64.ActiveCfg = Release|Any CPU
		{5E4C830E-3527-4F9A-B3F3-268B59A095FB}.Release|x64.Build.0 = Release|Any CPU
		{5E4C830E-3527-4F9A-B3F3-268B59A095FB}.Release|x64.Deploy.0 = Release|Any CPU
		{5E4C830E-3527-4F9A-B3F3-268B59A095FB}.Release|x86.ActiveCfg = Release|Any CPU
		{5E4C830E-3527-4F9A-B3F3-268B59A095FB}.Release|x86.Build.0 = Release|Any CPU
		{5E4C830E-3527-4F9A-B3F3-268B59A095FB}.Release|x86.Deploy.0 = Release|Any CPU
		{DA4E8FB7-1F89-4474-9E9B-B749CA6011A5}.Debug|Any CPU.ActiveCfg = Debug|iPhoneSimulator
		{DA4E8FB7-1F89-4474-9E9B-B749CA6011A5}.Debug|Any CPU.Build.0 = Debug|iPhoneSimulator
		{DA4E8FB7-1F89-4474-9E9B-B749CA6011A5}.Debug|Any CPU.Deploy.0 = Debug|iPhoneSimulator
		{DA4E8FB7-1F89-4474-9E9B-B749CA6011A5}.Debug|ARM.ActiveCfg = Debug|iPhone
		{DA4E8FB7-1F89-4474-9E9B-B749CA6011A5}.Debug|ARM.Build.0 = Debug|iPhone
		{DA4E8FB7-1F89-4474-9E9B-B749CA6011A5}.Debug|ARM.Deploy.0 = Debug|iPhone
		{DA4E8FB7-1F89-4474-9E9B-B749CA6011A5}.Debug|iPhone.ActiveCfg = Debug|iPhone
		{DA4E8FB7-1F89-4474-9E9B-B749CA6011A5}.Debug|iPhone.Build.0 = Debug|iPhone
		{DA4E8FB7-1F89-4474-9E9B-B749CA6011A5}.Debug|iPhone.Deploy.0 = Debug|iPhone
		{DA4E8FB7-1F89-4474-9E9B-B749CA6011A5}.Debug|iPhoneSimulator.ActiveCfg = Debug|iPhoneSimulator
		{DA4E8FB7-1F89-4474-9E9B-B749CA6011A5}.Debug|iPhoneSimulator.Build.0 = Debug|iPhoneSimulator
		{DA4E8FB7-1F89-4474-9E9B-B749CA6011A5}.Debug|iPhoneSimulator.Deploy.0 = Debug|iPhoneSimulator
		{DA4E8FB7-1F89-4474-9E9B-B749CA6011A5}.Debug|x64.ActiveCfg = Debug|iPhoneSimulator
		{DA4E8FB7-1F89-4474-9E9B-B749CA6011A5}.Debug|x64.Build.0 = Debug|iPhoneSimulator
		{DA4E8FB7-1F89-4474-9E9B-B749CA6011A5}.Debug|x64.Deploy.0 = Debug|iPhoneSimulator
		{DA4E8FB7-1F89-4474-9E9B-B749CA6011A5}.Debug|x86.ActiveCfg = Debug|iPhoneSimulator
		{DA4E8FB7-1F89-4474-9E9B-B749CA6011A5}.Debug|x86.Build.0 = Debug|iPhoneSimulator
		{DA4E8FB7-1F89-4474-9E9B-B749CA6011A5}.Debug|x86.Deploy.0 = Debug|iPhoneSimulator
		{DA4E8FB7-1F89-4474-9E9B-B749CA6011A5}.Release|Any CPU.ActiveCfg = Release|iPhoneSimulator
		{DA4E8FB7-1F89-4474-9E9B-B749CA6011A5}.Release|Any CPU.Build.0 = Release|iPhoneSimulator
		{DA4E8FB7-1F89-4474-9E9B-B749CA6011A5}.Release|Any CPU.Deploy.0 = Release|iPhoneSimulator
		{DA4E8FB7-1F89-4474-9E9B-B749CA6011A5}.Release|ARM.ActiveCfg = Release|iPhoneSimulator
		{DA4E8FB7-1F89-4474-9E9B-B749CA6011A5}.Release|ARM.Build.0 = Release|iPhoneSimulator
		{DA4E8FB7-1F89-4474-9E9B-B749CA6011A5}.Release|ARM.Deploy.0 = Release|iPhoneSimulator
		{DA4E8FB7-1F89-4474-9E9B-B749CA6011A5}.Release|iPhone.ActiveCfg = Release|iPhone
		{DA4E8FB7-1F89-4474-9E9B-B749CA6011A5}.Release|iPhone.Build.0 = Release|iPhone
		{DA4E8FB7-1F89-4474-9E9B-B749CA6011A5}.Release|iPhone.Deploy.0 = Release|iPhone
		{DA4E8FB7-1F89-4474-9E9B-B749CA6011A5}.Release|iPhoneSimulator.ActiveCfg = Release|iPhoneSimulator
		{DA4E8FB7-1F89-4474-9E9B-B749CA6011A5}.Release|iPhoneSimulator.Build.0 = Release|iPhoneSimulator
		{DA4E8FB7-1F89-4474-9E9B-B749CA6011A5}.Release|iPhoneSimulator.Deploy.0 = Release|iPhoneSimulator
		{DA4E8FB7-1F89-4474-9E9B-B749CA6011A5}.Release|x64.ActiveCfg = Release|iPhoneSimulator
		{DA4E8FB7-1F89-4474-9E9B-B749CA6011A5}.Release|x64.Build.0 = Release|iPhoneSimulator
		{DA4E8FB7-1F89-4474-9E9B-B749CA6011A5}.Release|x64.Deploy.0 = Release|iPhoneSimulator
		{DA4E8FB7-1F89-4474-9E9B-B749CA6011A5}.Release|x86.ActiveCfg = Release|iPhoneSimulator
		{DA4E8FB7-1F89-4474-9E9B-B749CA6011A5}.Release|x86.Build.0 = Release|iPhoneSimulator
		{DA4E8FB7-1F89-4474-9E9B-B749CA6011A5}.Release|x86.Deploy.0 = Release|iPhoneSimulator
		{076745BD-F6BE-467C-9A5E-F5422CE37E92}.Debug|Any CPU.ActiveCfg = Debug|Any CPU
		{076745BD-F6BE-467C-9A5E-F5422CE37E92}.Debug|Any CPU.Build.0 = Debug|Any CPU
		{076745BD-F6BE-467C-9A5E-F5422CE37E92}.Debug|Any CPU.Deploy.0 = Debug|Any CPU
		{076745BD-F6BE-467C-9A5E-F5422CE37E92}.Debug|ARM.ActiveCfg = Debug|Any CPU
		{076745BD-F6BE-467C-9A5E-F5422CE37E92}.Debug|ARM.Build.0 = Debug|Any CPU
		{076745BD-F6BE-467C-9A5E-F5422CE37E92}.Debug|ARM.Deploy.0 = Debug|Any CPU
		{076745BD-F6BE-467C-9A5E-F5422CE37E92}.Debug|iPhone.ActiveCfg = Debug|Any CPU
		{076745BD-F6BE-467C-9A5E-F5422CE37E92}.Debug|iPhone.Build.0 = Debug|Any CPU
		{076745BD-F6BE-467C-9A5E-F5422CE37E92}.Debug|iPhone.Deploy.0 = Debug|Any CPU
		{076745BD-F6BE-467C-9A5E-F5422CE37E92}.Debug|iPhoneSimulator.ActiveCfg = Debug|Any CPU
		{076745BD-F6BE-467C-9A5E-F5422CE37E92}.Debug|iPhoneSimulator.Build.0 = Debug|Any CPU
		{076745BD-F6BE-467C-9A5E-F5422CE37E92}.Debug|iPhoneSimulator.Deploy.0 = Debug|Any CPU
		{076745BD-F6BE-467C-9A5E-F5422CE37E92}.Debug|x64.ActiveCfg = Debug|Any CPU
		{076745BD-F6BE-467C-9A5E-F5422CE37E92}.Debug|x64.Build.0 = Debug|Any CPU
		{076745BD-F6BE-467C-9A5E-F5422CE37E92}.Debug|x64.Deploy.0 = Debug|Any CPU
		{076745BD-F6BE-467C-9A5E-F5422CE37E92}.Debug|x86.ActiveCfg = Debug|Any CPU
		{076745BD-F6BE-467C-9A5E-F5422CE37E92}.Debug|x86.Build.0 = Debug|Any CPU
		{076745BD-F6BE-467C-9A5E-F5422CE37E92}.Debug|x86.Deploy.0 = Debug|Any CPU
		{076745BD-F6BE-467C-9A5E-F5422CE37E92}.Release|Any CPU.ActiveCfg = Release|Any CPU
		{076745BD-F6BE-467C-9A5E-F5422CE37E92}.Release|Any CPU.Build.0 = Release|Any CPU
		{076745BD-F6BE-467C-9A5E-F5422CE37E92}.Release|Any CPU.Deploy.0 = Release|Any CPU
		{076745BD-F6BE-467C-9A5E-F5422CE37E92}.Release|ARM.ActiveCfg = Release|Any CPU
		{076745BD-F6BE-467C-9A5E-F5422CE37E92}.Release|ARM.Build.0 = Release|Any CPU
		{076745BD-F6BE-467C-9A5E-F5422CE37E92}.Release|ARM.Deploy.0 = Release|Any CPU
		{076745BD-F6BE-467C-9A5E-F5422CE37E92}.Release|iPhone.ActiveCfg = Release|Any CPU
		{076745BD-F6BE-467C-9A5E-F5422CE37E92}.Release|iPhone.Build.0 = Release|Any CPU
		{076745BD-F6BE-467C-9A5E-F5422CE37E92}.Release|iPhone.Deploy.0 = Release|Any CPU
		{076745BD-F6BE-467C-9A5E-F5422CE37E92}.Release|iPhoneSimulator.ActiveCfg = Release|Any CPU
		{076745BD-F6BE-467C-9A5E-F5422CE37E92}.Release|iPhoneSimulator.Build.0 = Release|Any CPU
		{076745BD-F6BE-467C-9A5E-F5422CE37E92}.Release|iPhoneSimulator.Deploy.0 = Release|Any CPU
		{076745BD-F6BE-467C-9A5E-F5422CE37E92}.Release|x64.ActiveCfg = Release|Any CPU
		{076745BD-F6BE-467C-9A5E-F5422CE37E92}.Release|x64.Build.0 = Release|Any CPU
		{076745BD-F6BE-467C-9A5E-F5422CE37E92}.Release|x64.Deploy.0 = Release|Any CPU
		{076745BD-F6BE-467C-9A5E-F5422CE37E92}.Release|x86.ActiveCfg = Release|Any CPU
		{076745BD-F6BE-467C-9A5E-F5422CE37E92}.Release|x86.Build.0 = Release|Any CPU
		{076745BD-F6BE-467C-9A5E-F5422CE37E92}.Release|x86.Deploy.0 = Release|Any CPU
	EndGlobalSection
	GlobalSection(SolutionProperties) = preSolution
		HideSolutionNode = FALSE
	EndGlobalSection
	GlobalSection(ExtensibilityGlobals) = postSolution
		SolutionGuid = {3CF19D28-2E6F-4159-9EDE-16993624ADD6}
	EndGlobalSection
EndGlobal
